
Microsoft Visual Studio Solution File, Format Version 11.00
# Visual Studio 2010
Project("{FAE04EC0-301F-11D3-BF4B-00C04F79EFBC}") = "Assembly-CSharp", "Assembly-CSharp.csproj", "{BA6D0D6A-D9F5-7BB9-A3BB-2BFBFC453ABE}"
EndProject
Project("{FAE04EC0-301F-11D3-BF4B-00C04F79EFBC}") = "Assembly-CSharp-Editor", "Assembly-CSharp-Editor.csproj", "{A6C88606-7151-0E64-A972-E770F1E9E42F}"
EndProject
Global
	GlobalSection(SolutionConfigurationPlatforms) = preSolution
		Debug|Any CPU = Debug|Any CPU
		Release|Any CPU = Release|Any CPU
	EndGlobalSection
	GlobalSection(ProjectConfigurationPlatforms) = postSolution
		{BA6D0D6A-D9F5-7BB9-A3BB-2BFBFC453ABE}.Debug|Any CPU.ActiveCfg = Debug|Any CPU
		{BA6D0D6A-D9F5-7BB9-A3BB-2BFBFC453ABE}.Debug|Any CPU.Build.0 = Debug|Any CPU
		{BA6D0D6A-D9F5-7BB9-A3BB-2BFBFC453ABE}.Release|Any CPU.ActiveCfg = Release|Any CPU
		{BA6D0D6A-D9F5-7BB9-A3BB-2BFBFC453ABE}.Release|Any CPU.Build.0 = Release|Any CPU
		{A6C88606-7151-0E64-A972-E770F1E9E42F}.Debug|Any CPU.ActiveCfg = Debug|Any CPU
		{A6C88606-7151-0E64-A972-E770F1E9E42F}.Debug|Any CPU.Build.0 = Debug|Any CPU
		{A6C88606-7151-0E64-A972-E770F1E9E42F}.Release|Any CPU.ActiveCfg = Release|Any CPU
		{A6C88606-7151-0E64-A972-E770F1E9E42F}.Release|Any CPU.Build.0 = Release|Any CPU
	EndGlobalSection
	GlobalSection(SolutionProperties) = preSolution
		HideSolutionNode = FALSE
	EndGlobalSection
EndGlobal
